
Microsoft Visual Studio Solution File, Format Version 12.00
# Visual Studio 2013
VisualStudioVersion = 12.0.31101.0
MinimumVisualStudioVersion = 10.0.40219.1
Project("{FAE04EC0-301F-11D3-BF4B-00C04F79EFBC}") = "FileStore", "FileStore\FileStore.csproj", "{342234B3-F4AE-4799-8E2D-8463D1F3A7BE}"
EndProject
Project("{FAE04EC0-301F-11D3-BF4B-00C04F79EFBC}") = "FileStore.Tests.Unit", "FileStore.Tests.Unit\FileStore.Tests.Unit.csproj", "{1331AA20-B426-4C11-A9AB-25B18B9580BA}"
EndProject
Project("{FAE04EC0-301F-11D3-BF4B-00C04F79EFBC}") = "FileStore.Persistance.EntityFramework", "FileStore.Persistance.EntityFramework\FileStore.Persistance.EntityFramework.csproj", "{C25FC536-7198-4DD1-AB6D-4BC705577C16}"
EndProject
Project("{FAE04EC0-301F-11D3-BF4B-00C04F79EFBC}") = "FileStore.Persistance.EntityFramework.Tests.Unit", "FileStore.Persistance.EntityFramework.Tests.Unit\FileStore.Persistance.EntityFramework.Tests.Unit.csproj", "{EBA437C2-5752-458B-9D09-C741DB370C0A}"
EndProject
Project("{FAE04EC0-301F-11D3-BF4B-00C04F79EFBC}") = "FileStore.Samples", "FileStore.Samples\FileStore.Samples.csproj", "{216F98A3-90C6-45C9-A09C-9229B5B92DB1}"
EndProject
Global
	GlobalSection(SolutionConfigurationPlatforms) = preSolution
		Debug|Any CPU = Debug|Any CPU
		Release|Any CPU = Release|Any CPU
	EndGlobalSection
	GlobalSection(ProjectConfigurationPlatforms) = postSolution
		{342234B3-F4AE-4799-8E2D-8463D1F3A7BE}.Debug|Any CPU.ActiveCfg = Debug|Any CPU
		{342234B3-F4AE-4799-8E2D-8463D1F3A7BE}.Debug|Any CPU.Build.0 = Debug|Any CPU
		{342234B3-F4AE-4799-8E2D-8463D1F3A7BE}.Release|Any CPU.ActiveCfg = Release|Any CPU
		{342234B3-F4AE-4799-8E2D-8463D1F3A7BE}.Release|Any CPU.Build.0 = Release|Any CPU
		{1331AA20-B426-4C11-A9AB-25B18B9580BA}.Debug|Any CPU.ActiveCfg = Debug|Any CPU
		{1331AA20-B426-4C11-A9AB-25B18B9580BA}.Debug|Any CPU.Build.0 = Debug|Any CPU
		{1331AA20-B426-4C11-A9AB-25B18B9580BA}.Release|Any CPU.ActiveCfg = Release|Any CPU
		{1331AA20-B426-4C11-A9AB-25B18B9580BA}.Release|Any CPU.Build.0 = Release|Any CPU
		{C25FC536-7198-4DD1-AB6D-4BC705577C16}.Debug|Any CPU.ActiveCfg = Debug|Any CPU
		{C25FC536-7198-4DD1-AB6D-4BC705577C16}.Debug|Any CPU.Build.0 = Debug|Any CPU
		{C25FC536-7198-4DD1-AB6D-4BC705577C16}.Release|Any CPU.ActiveCfg = Release|Any CPU
		{C25FC536-7198-4DD1-AB6D-4BC705577C16}.Release|Any CPU.Build.0 = Release|Any CPU
		{EBA437C2-5752-458B-9D09-C741DB370C0A}.Debug|Any CPU.ActiveCfg = Debug|Any CPU
		{EBA437C2-5752-458B-9D09-C741DB370C0A}.Debug|Any CPU.Build.0 = Debug|Any CPU
		{EBA437C2-5752-458B-9D09-C741DB370C0A}.Release|Any CPU.ActiveCfg = Release|Any CPU
		{EBA437C2-5752-458B-9D09-C741DB370C0A}.Release|Any CPU.Build.0 = Release|Any CPU
		{216F98A3-90C6-45C9-A09C-9229B5B92DB1}.Debug|Any CPU.ActiveCfg = Debug|Any CPU
		{216F98A3-90C6-45C9-A09C-9229B5B92DB1}.Debug|Any CPU.Build.0 = Debug|Any CPU
		{216F98A3-90C6-45C9-A09C-9229B5B92DB1}.Release|Any CPU.ActiveCfg = Release|Any CPU
		{216F98A3-90C6-45C9-A09C-9229B5B92DB1}.Release|Any CPU.Build.0 = Release|Any CPU
	EndGlobalSection
	GlobalSection(SolutionProperties) = preSolution
		HideSolutionNode = FALSE
	EndGlobalSection
EndGlobal
